
Microsoft Visual Studio Solution File, Format Version 12.00
# Visual Studio Version 17
VisualStudioVersion = 17.3.32929.385
MinimumVisualStudioVersion = 10.0.40219.1
Project("{FAE04EC0-301F-11D3-BF4B-00C04F79EFBC}") = "MQTT-HASS", "MQTT-HASS\MQTT-HASS.csproj", "{141B220C-D393-4666-8D41-9A90127B8C64}"
EndProject
Global
	GlobalSection(SolutionConfigurationPlatforms) = preSolution
		Debug|Any CPU = Debug|Any CPU
		Release|Any CPU = Release|Any CPU
	EndGlobalSection
	GlobalSection(ProjectConfigurationPlatforms) = postSolution
		{141B220C-D393-4666-8D41-9A90127B8C64}.Debug|Any CPU.ActiveCfg = Debug|Any CPU
		{141B220C-D393-4666-8D41-9A90127B8C64}.Debug|Any CPU.Build.0 = Debug|Any CPU
		{141B220C-D393-4666-8D41-9A90127B8C64}.Release|Any CPU.ActiveCfg = Release|Any CPU
		{141B220C-D393-4666-8D41-9A90127B8C64}.Release|Any CPU.Build.0 = Release|Any CPU
	EndGlobalSection
	GlobalSection(SolutionProperties) = preSolution
		HideSolutionNode = FALSE
	EndGlobalSection
	GlobalSection(ExtensibilityGlobals) = postSolution
		SolutionGuid = {ECF78404-02A6-4CF3-929B-899596F640AF}
	EndGlobalSection
EndGlobal
