
Microsoft Visual Studio Solution File, Format Version 12.00
# Visual Studio Version 16
VisualStudioVersion = 16.0.31019.35
MinimumVisualStudioVersion = 10.0.40219.1
Project("{FAE04EC0-301F-11D3-BF4B-00C04F79EFBC}") = "AlteraParametro", "AlteraParametro\AlteraParametro.csproj", "{A940A263-7ECA-40B8-BE4E-135CCB4C3E63}"
EndProject
Global
	GlobalSection(SolutionConfigurationPlatforms) = preSolution
		Debug|Any CPU = Debug|Any CPU
		Release|Any CPU = Release|Any CPU
	EndGlobalSection
	GlobalSection(ProjectConfigurationPlatforms) = postSolution
		{A940A263-7ECA-40B8-BE4E-135CCB4C3E63}.Debug|Any CPU.ActiveCfg = Debug|Any CPU
		{A940A263-7ECA-40B8-BE4E-135CCB4C3E63}.Debug|Any CPU.Build.0 = Debug|Any CPU
		{A940A263-7ECA-40B8-BE4E-135CCB4C3E63}.Release|Any CPU.ActiveCfg = Release|Any CPU
		{A940A263-7ECA-40B8-BE4E-135CCB4C3E63}.Release|Any CPU.Build.0 = Release|Any CPU
	EndGlobalSection
	GlobalSection(SolutionProperties) = preSolution
		HideSolutionNode = FALSE
	EndGlobalSection
	GlobalSection(ExtensibilityGlobals) = postSolution
		SolutionGuid = {1EF8D4F4-1888-4FC4-81B5-11135744F579}
	EndGlobalSection
EndGlobal
