
Microsoft Visual Studio Solution File, Format Version 12.00
# Visual Studio Version 16
VisualStudioVersion = 16.0.31613.86
MinimumVisualStudioVersion = 10.0.40219.1
Project("{FAE04EC0-301F-11D3-BF4B-00C04F79EFBC}") = "App2.Android", "App2\App2.Android\App2.Android.csproj", "{9872F83E-41B3-4979-9A22-AF44D12BDEFD}"
EndProject
Project("{FAE04EC0-301F-11D3-BF4B-00C04F79EFBC}") = "App2", "App2\App2\App2.csproj", "{21203AF5-21DB-44D1-9B5D-396DAC3F9B96}"
EndProject
Global
	GlobalSection(SolutionConfigurationPlatforms) = preSolution
		Debug|Any CPU = Debug|Any CPU
		Release|Any CPU = Release|Any CPU
	EndGlobalSection
	GlobalSection(ProjectConfigurationPlatforms) = postSolution
		{9872F83E-41B3-4979-9A22-AF44D12BDEFD}.Debug|Any CPU.ActiveCfg = Debug|Any CPU
		{9872F83E-41B3-4979-9A22-AF44D12BDEFD}.Debug|Any CPU.Build.0 = Debug|Any CPU
		{9872F83E-41B3-4979-9A22-AF44D12BDEFD}.Debug|Any CPU.Deploy.0 = Debug|Any CPU
		{9872F83E-41B3-4979-9A22-AF44D12BDEFD}.Release|Any CPU.ActiveCfg = Release|Any CPU
		{9872F83E-41B3-4979-9A22-AF44D12BDEFD}.Release|Any CPU.Build.0 = Release|Any CPU
		{9872F83E-41B3-4979-9A22-AF44D12BDEFD}.Release|Any CPU.Deploy.0 = Release|Any CPU
		{21203AF5-21DB-44D1-9B5D-396DAC3F9B96}.Debug|Any CPU.ActiveCfg = Debug|Any CPU
		{21203AF5-21DB-44D1-9B5D-396DAC3F9B96}.Debug|Any CPU.Build.0 = Debug|Any CPU
		{21203AF5-21DB-44D1-9B5D-396DAC3F9B96}.Debug|Any CPU.Deploy.0 = Debug|Any CPU
		{21203AF5-21DB-44D1-9B5D-396DAC3F9B96}.Release|Any CPU.ActiveCfg = Release|Any CPU
		{21203AF5-21DB-44D1-9B5D-396DAC3F9B96}.Release|Any CPU.Build.0 = Release|Any CPU
		{21203AF5-21DB-44D1-9B5D-396DAC3F9B96}.Release|Any CPU.Deploy.0 = Release|Any CPU
	EndGlobalSection
	GlobalSection(SolutionProperties) = preSolution
		HideSolutionNode = FALSE
	EndGlobalSection
	GlobalSection(ExtensibilityGlobals) = postSolution
		SolutionGuid = {59C99E2B-6046-43E5-ADB7-A8A272E9152F}
	EndGlobalSection
EndGlobal
