
Microsoft Visual Studio Solution File, Format Version 12.00
# Visual Studio Version 17
VisualStudioVersion = 17.3.32929.385
MinimumVisualStudioVersion = 10.0.40219.1
Project("{FAE04EC0-301F-11D3-BF4B-00C04F79EFBC}") = "MQTT-api-Testes", "MQTT-api-Testes\MQTT-api-Testes.csproj", "{AC40DB4A-E3AA-4DCA-8576-6678185BD712}"
EndProject
Global
	GlobalSection(SolutionConfigurationPlatforms) = preSolution
		Debug|Any CPU = Debug|Any CPU
		Release|Any CPU = Release|Any CPU
	EndGlobalSection
	GlobalSection(ProjectConfigurationPlatforms) = postSolution
		{AC40DB4A-E3AA-4DCA-8576-6678185BD712}.Debug|Any CPU.ActiveCfg = Debug|Any CPU
		{AC40DB4A-E3AA-4DCA-8576-6678185BD712}.Debug|Any CPU.Build.0 = Debug|Any CPU
		{AC40DB4A-E3AA-4DCA-8576-6678185BD712}.Release|Any CPU.ActiveCfg = Release|Any CPU
		{AC40DB4A-E3AA-4DCA-8576-6678185BD712}.Release|Any CPU.Build.0 = Release|Any CPU
	EndGlobalSection
	GlobalSection(SolutionProperties) = preSolution
		HideSolutionNode = FALSE
	EndGlobalSection
	GlobalSection(ExtensibilityGlobals) = postSolution
		SolutionGuid = {DBDFE799-574C-4523-8556-8ED786AC9984}
	EndGlobalSection
EndGlobal
